{
    "_readme": [
        "This file locks the dependencies of your project to a known state",
        "Read more about it at https://getcomposer.org/doc/01-basic-usage.md#composer-lock-the-lock-file",
        "This file is @generated automatically"
    ],
    "hash": "58a95ba20ccf6c4b9755f922dea3fb16",
    "content-hash": "49f2654d8303a7a90aaa811393322654",
    "packages": [
        {
            "name": "dbmover/core",
            "version": "0.7.0",
            "source": {
                "type": "git",
                "url": "https://github.com/dbmover/core.git",
                "reference": "b94862d0a6f24ff7be859b3187cddbe52513fcc3"
            },
            "dist": {
                "type": "zip",
                "url": "https://api.github.com/repos/dbmover/core/zipball/b94862d0a6f24ff7be859b3187cddbe52513fcc3",
                "reference": "b94862d0a6f24ff7be859b3187cddbe52513fcc3",
                "shasum": ""
            },
            "require": {
                "monomelodies/kingconf": "^1.1",
                "php": ">=7.2"
            },
            "require-dev": {
                "gentry/gentry": "^0.13.0",
                "gentry/toast": "^0.1.0",
                "toast/unit": "^1.3"
            },
            "bin": [
                "bin/dbmover"
            ],
            "type": "library",
            "autoload": {
                "psr-4": {
                    "Dbmover\\Core\\": "src"
                }
            },
            "notification-url": "https://packagist.org/downloads/",
            "license": [
                "MIT"
            ],
            "authors": [
                {
                    "name": "Marijn Ophorst",
                    "email": "marijn@monomelodies.nl"
                }
            ],
            "description": "PHP-based database versioning tool, core components",
            "time": "2018-03-24 07:05:17"
        },
        {
            "name": "dbmover/procedures",
            "version": "0.6.3",
            "source": {
                "type": "git",
                "url": "https://github.com/dbmover/procedures.git",
                "reference": "290504e37f3bd10053161ee0ec516ab96f83a5a6"
            },
            "dist": {
                "type": "zip",
                "url": "https://api.github.com/repos/dbmover/procedures/zipball/290504e37f3bd10053161ee0ec516ab96f83a5a6",
                "reference": "290504e37f3bd10053161ee0ec516ab96f83a5a6",
                "shasum": ""
            },
            "require": {
                "dbmover/core": "^0.7.0",
                "php": ">=7.2"
            },
            "type": "library",
            "autoload": {
                "psr-4": {
                    "Dbmover\\Procedures\\": "./src"
                }
            },
            "notification-url": "https://packagist.org/downloads/",
            "license": [
                "MIT"
            ],
            "authors": [
                {
                    "name": "Marijn Ophorst",
                    "email": "marijn@monomelodies.nl"
                }
            ],
            "description": "Dbmover plugin to (re)create procedures",
            "time": "2018-03-24 07:49:52"
        },
        {
            "name": "monomelodies/kingconf",
            "version": "1.1.1",
            "source": {
                "type": "git",
                "url": "https://github.com/monomelodies/kingconf.git",
                "reference": "ddf504a7f5fa50adeb68eb7627a76fbbdd5b8b3a"
            },
            "dist": {
                "type": "zip",
                "url": "https://api.github.com/repos/monomelodies/kingconf/zipball/ddf504a7f5fa50adeb68eb7627a76fbbdd5b8b3a",
                "reference": "ddf504a7f5fa50adeb68eb7627a76fbbdd5b8b3a",
                "shasum": ""
            },
            "require": {
                "php": ">=5.4",
                "symfony/yaml": "*"
            },
            "require-dev": {
                "phpunit/phpunit": ">=4"
            },
            "type": "library",
            "autoload": {
                "psr-4": {
                    "Monomelodies\\Kingconf\\": "src/"
                }
            },
            "notification-url": "https://packagist.org/downloads/",
            "license": [
                "MIT"
            ],
            "authors": [
                {
                    "name": "Marijn Ophorst",
                    "email": "marijn@monomelodies.nl"
                }
            ],
            "description": "Load configuration in any sane format",
            "keywords": [
                "config",
                "configuration",
                "ini",
                "json",
                "loader",
                "php",
                "xml",
                "yaml"
            ],
            "time": "2018-02-01 18:46:24"
        },
        {
            "name": "symfony/yaml",
            "version": "v4.0.6",
            "source": {
                "type": "git",
                "url": "https://github.com/symfony/yaml.git",
                "reference": "de5f125ea39de846b90b313b2cfb031a0152d223"
            },
            "dist": {
                "type": "zip",
                "url": "https://api.github.com/repos/symfony/yaml/zipball/de5f125ea39de846b90b313b2cfb031a0152d223",
                "reference": "de5f125ea39de846b90b313b2cfb031a0152d223",
                "shasum": ""
            },
            "require": {
                "php": "^7.1.3"
            },
            "conflict": {
                "symfony/console": "<3.4"
            },
            "require-dev": {
                "symfony/console": "~3.4|~4.0"
            },
            "suggest": {
                "symfony/console": "For validating YAML files using the lint command"
            },
            "type": "library",
            "extra": {
                "branch-alias": {
                    "dev-master": "4.0-dev"
                }
            },
            "autoload": {
                "psr-4": {
                    "Symfony\\Component\\Yaml\\": ""
                },
                "exclude-from-classmap": [
                    "/Tests/"
                ]
            },
            "notification-url": "https://packagist.org/downloads/",
            "license": [
                "MIT"
            ],
            "authors": [
                {
                    "name": "Fabien Potencier",
                    "email": "fabien@symfony.com"
                },
                {
                    "name": "Symfony Community",
                    "homepage": "https://symfony.com/contributors"
                }
            ],
            "description": "Symfony Yaml Component",
            "homepage": "https://symfony.com",
            "time": "2018-02-19 20:08:53"
        }
    ],
    "packages-dev": [],
    "aliases": [],
    "minimum-stability": "stable",
    "stability-flags": [],
    "prefer-stable": false,
    "prefer-lowest": false,
    "platform": [],
    "platform-dev": []
}
