{
    "_readme": [
        "This file locks the dependencies of your project to a known state",
        "Read more about it at https://getcomposer.org/doc/01-basic-usage.md#composer-lock-the-lock-file",
        "This file is @generated automatically"
    ],
    "hash": "acaf56f6ca6e4b8ab9b75c6d270e741c",
    "content-hash": "6fa72ece438be5dd43beef9bbbe37627",
    "packages": [
        {
            "name": "dbmover/core",
            "version": "0.8.0",
            "source": {
                "type": "git",
                "url": "https://github.com/dbmover/core.git",
                "reference": "65ebb5fb410080f1a533892f86fe795923d74d28"
            },
            "dist": {
                "type": "zip",
                "url": "https://api.github.com/repos/dbmover/core/zipball/65ebb5fb410080f1a533892f86fe795923d74d28",
                "reference": "65ebb5fb410080f1a533892f86fe795923d74d28",
                "shasum": ""
            },
            "require": {
                "monomelodies/kingconf": "^1.1",
                "php": ">=7.2"
            },
            "require-dev": {
                "gentry/gentry": "^0.13.0",
                "gentry/toast": "^0.1.0",
                "toast/unit": "^1.3"
            },
            "bin": [
                "bin/dbmover"
            ],
            "type": "library",
            "autoload": {
                "psr-4": {
                    "Dbmover\\Core\\": "src"
                }
            },
            "notification-url": "https://packagist.org/downloads/",
            "license": [
                "MIT"
            ],
            "authors": [
                {
                    "name": "Marijn Ophorst",
                    "email": "marijn@monomelodies.nl"
                }
            ],
            "description": "PHP-based database versioning tool, core components",
            "time": "2018-03-24 17:47:12"
        },
        {
            "name": "dbmover/procedures",
            "version": "0.6.4",
            "source": {
                "type": "git",
                "url": "https://github.com/dbmover/procedures.git",
                "reference": "42b56ad492149ecf2caab29e25254b21d8a21d02"
            },
            "dist": {
                "type": "zip",
                "url": "https://api.github.com/repos/dbmover/procedures/zipball/42b56ad492149ecf2caab29e25254b21d8a21d02",
                "reference": "42b56ad492149ecf2caab29e25254b21d8a21d02",
                "shasum": ""
            },
            "require": {
                "dbmover/core": "^0.8.0",
                "php": ">=7.2"
            },
            "type": "library",
            "autoload": {
                "psr-4": {
                    "Dbmover\\Procedures\\": "./src"
                }
            },
            "notification-url": "https://packagist.org/downloads/",
            "license": [
                "MIT"
            ],
            "authors": [
                {
                    "name": "Marijn Ophorst",
                    "email": "marijn@monomelodies.nl"
                }
            ],
            "description": "Dbmover plugin to (re)create procedures",
            "time": "2018-03-24 17:50:30"
        },
        {
            "name": "monomelodies/kingconf",
            "version": "1.1.1",
            "source": {
                "type": "git",
                "url": "https://github.com/monomelodies/kingconf.git",
                "reference": "ddf504a7f5fa50adeb68eb7627a76fbbdd5b8b3a"
            },
            "dist": {
                "type": "zip",
                "url": "https://api.github.com/repos/monomelodies/kingconf/zipball/ddf504a7f5fa50adeb68eb7627a76fbbdd5b8b3a",
                "reference": "ddf504a7f5fa50adeb68eb7627a76fbbdd5b8b3a",
                "shasum": ""
            },
            "require": {
                "php": ">=5.4",
                "symfony/yaml": "*"
            },
            "require-dev": {
                "phpunit/phpunit": ">=4"
            },
            "type": "library",
            "autoload": {
                "psr-4": {
                    "Monomelodies\\Kingconf\\": "src/"
                }
            },
            "notification-url": "https://packagist.org/downloads/",
            "license": [
                "MIT"
            ],
            "authors": [
                {
                    "name": "Marijn Ophorst",
                    "email": "marijn@monomelodies.nl"
                }
            ],
            "description": "Load configuration in any sane format",
            "keywords": [
                "config",
                "configuration",
                "ini",
                "json",
                "loader",
                "php",
                "xml",
                "yaml"
            ],
            "time": "2018-02-01 18:46:24"
        },
        {
            "name": "symfony/yaml",
            "version": "v4.0.6",
            "source": {
                "type": "git",
                "url": "https://github.com/symfony/yaml.git",
                "reference": "de5f125ea39de846b90b313b2cfb031a0152d223"
            },
            "dist": {
                "type": "zip",
                "url": "https://api.github.com/repos/symfony/yaml/zipball/de5f125ea39de846b90b313b2cfb031a0152d223",
                "reference": "de5f125ea39de846b90b313b2cfb031a0152d223",
                "shasum": ""
            },
            "require": {
                "php": "^7.1.3"
            },
            "conflict": {
                "symfony/console": "<3.4"
            },
            "require-dev": {
                "symfony/console": "~3.4|~4.0"
            },
            "suggest": {
                "symfony/console": "For validating YAML files using the lint command"
            },
            "type": "library",
            "extra": {
                "branch-alias": {
                    "dev-master": "4.0-dev"
                }
            },
            "autoload": {
                "psr-4": {
                    "Symfony\\Component\\Yaml\\": ""
                },
                "exclude-from-classmap": [
                    "/Tests/"
                ]
            },
            "notification-url": "https://packagist.org/downloads/",
            "license": [
                "MIT"
            ],
            "authors": [
                {
                    "name": "Fabien Potencier",
                    "email": "fabien@symfony.com"
                },
                {
                    "name": "Symfony Community",
                    "homepage": "https://symfony.com/contributors"
                }
            ],
            "description": "Symfony Yaml Component",
            "homepage": "https://symfony.com",
            "time": "2018-02-19 20:08:53"
        }
    ],
    "packages-dev": [],
    "aliases": [],
    "minimum-stability": "stable",
    "stability-flags": [],
    "prefer-stable": false,
    "prefer-lowest": false,
    "platform": {
        "php": ">=7.2"
    },
    "platform-dev": []
}
